{
  "version": 4,
  "terraform_version": "1.6.3",
  "serial": 8,
  "lineage": "36c5fcfa-02d4-52cd-e1f5-37daf3ec23b8",
  "outputs": {},
  "resources": [
    {
      "mode": "managed",
      "type": "aws_s3_bucket",
      "name": "mybucket",
      "provider": "provider[\"registry.terraform.io/hashicorp/aws\"]",
      "instances": [
        {
          "schema_version": 0,
          "attributes": {
            "acceleration_status": "",
            "acl": null,
            "arn": "arn:aws:s3:::mytfdemo0311",
            "bucket": "mytfdemo0311",
            "bucket_domain_name": "mytfdemo0311.s3.amazonaws.com",
            "bucket_prefix": "",
            "bucket_regional_domain_name": "mytfdemo0311.s3.us-east-1.amazonaws.com",
            "cors_rule": [],
            "force_destroy": false,
            "grant": [
              {
                "id": "",
                "permissions": [
                  "READ"
                ],
                "type": "Group",
                "uri": "http://acs.amazonaws.com/groups/global/AllUsers"
              },
              {
                "id": "7005b1eca29716d31621943d1b41a96eb6f63c21cc72b905bc4ab73a508199df",
                "permissions": [
                  "FULL_CONTROL"
                ],
                "type": "CanonicalUser",
                "uri": ""
              }
            ],
            "hosted_zone_id": "Z3AQBSTGFYJSTF",
            "id": "mytfdemo0311",
            "lifecycle_rule": [],
            "logging": [],
            "object_lock_configuration": [],
            "object_lock_enabled": false,
            "policy": "",
            "region": "us-east-1",
            "replication_configuration": [],
            "request_payer": "BucketOwner",
            "server_side_encryption_configuration": [
              {
                "rule": [
                  {
                    "apply_server_side_encryption_by_default": [
                      {
                        "kms_master_key_id": "",
                        "sse_algorithm": "AES256"
                      }
                    ],
                    "bucket_key_enabled": false
                  }
                ]
              }
            ],
            "tags": {},
            "tags_all": {},
            "timeouts": null,
            "versioning": [
              {
                "enabled": false,
                "mfa_delete": false
              }
            ],
            "website": [],
            "website_domain": null,
            "website_endpoint": null
          },
          "sensitive_attributes": [],
          "private": "eyJlMmJmYjczMC1lY2FhLTExZTYtOGY4OC0zNDM2M2JjN2M0YzAiOnsiY3JlYXRlIjoxMjAwMDAwMDAwMDAwLCJkZWxldGUiOjM2MDAwMDAwMDAwMDAsInJlYWQiOjEyMDAwMDAwMDAwMDAsInVwZGF0ZSI6MTIwMDAwMDAwMDAwMH19"
        }
      ]
    },
    {
      "mode": "managed",
      "type": "aws_s3_bucket_acl",
      "name": "example",
      "provider": "provider[\"registry.terraform.io/hashicorp/aws\"]",
      "instances": [
        {
          "schema_version": 0,
          "attributes": {
            "access_control_policy": [
              {
                "grant": [
                  {
                    "grantee": [
                      {
                        "display_name": "",
                        "email_address": "",
                        "id": "",
                        "type": "Group",
                        "uri": "http://acs.amazonaws.com/groups/global/AllUsers"
                      }
                    ],
                    "permission": "READ"
                  },
                  {
                    "grantee": [
                      {
                        "display_name": "gfumagalli",
                        "email_address": "",
                        "id": "7005b1eca29716d31621943d1b41a96eb6f63c21cc72b905bc4ab73a508199df",
                        "type": "CanonicalUser",
                        "uri": ""
                      }
                    ],
                    "permission": "FULL_CONTROL"
                  }
                ],
                "owner": [
                  {
                    "display_name": "gfumagalli",
                    "id": "7005b1eca29716d31621943d1b41a96eb6f63c21cc72b905bc4ab73a508199df"
                  }
                ]
              }
            ],
            "acl": "public-read",
            "bucket": "mytfdemo0311",
            "expected_bucket_owner": "",
            "id": "mytfdemo0311,public-read"
          },
          "sensitive_attributes": [],
          "private": "bnVsbA==",
          "dependencies": [
            "aws_s3_bucket.mybucket",
            "aws_s3_bucket_ownership_controls.example",
            "aws_s3_bucket_public_access_block.example"
          ]
        }
      ]
    },
    {
      "mode": "managed",
      "type": "aws_s3_bucket_ownership_controls",
      "name": "example",
      "provider": "provider[\"registry.terraform.io/hashicorp/aws\"]",
      "instances": [
        {
          "schema_version": 0,
          "attributes": {
            "bucket": "mytfdemo0311",
            "id": "mytfdemo0311",
            "rule": [
              {
                "object_ownership": "BucketOwnerPreferred"
              }
            ]
          },
          "sensitive_attributes": [],
          "private": "bnVsbA==",
          "dependencies": [
            "aws_s3_bucket.mybucket"
          ]
        }
      ]
    },
    {
      "mode": "managed",
      "type": "aws_s3_bucket_public_access_block",
      "name": "example",
      "provider": "provider[\"registry.terraform.io/hashicorp/aws\"]",
      "instances": [
        {
          "schema_version": 0,
          "attributes": {
            "block_public_acls": false,
            "block_public_policy": false,
            "bucket": "mytfdemo0311",
            "id": "mytfdemo0311",
            "ignore_public_acls": false,
            "restrict_public_buckets": false
          },
          "sensitive_attributes": [],
          "private": "bnVsbA==",
          "dependencies": [
            "aws_s3_bucket.mybucket"
          ]
        }
      ]
    },
    {
      "mode": "managed",
      "type": "aws_s3_object",
      "name": "error",
      "provider": "provider[\"registry.terraform.io/hashicorp/aws\"]",
      "instances": [
        {
          "schema_version": 0,
          "attributes": {
            "acl": "public-read",
            "bucket": "mytfdemo0311",
            "bucket_key_enabled": false,
            "cache_control": "",
            "checksum_algorithm": null,
            "checksum_crc32": "",
            "checksum_crc32c": "",
            "checksum_sha1": "",
            "checksum_sha256": "",
            "content": null,
            "content_base64": null,
            "content_disposition": "",
            "content_encoding": "",
            "content_language": "",
            "content_type": "text/html",
            "etag": "771510b2aac41b7f102cad1d34a482c8",
            "force_destroy": false,
            "id": "error.html",
            "key": "error.html",
            "kms_key_id": null,
            "metadata": null,
            "object_lock_legal_hold_status": "",
            "object_lock_mode": "",
            "object_lock_retain_until_date": "",
            "override_provider": [],
            "server_side_encryption": "AES256",
            "source": "error.html",
            "source_hash": null,
            "storage_class": "STANDARD",
            "tags": null,
            "tags_all": {},
            "version_id": "",
            "website_redirect": ""
          },
          "sensitive_attributes": [],
          "private": "bnVsbA==",
          "dependencies": [
            "aws_s3_bucket.mybucket"
          ]
        }
      ]
    },
    {
      "mode": "managed",
      "type": "aws_s3_object",
      "name": "index",
      "provider": "provider[\"registry.terraform.io/hashicorp/aws\"]",
      "instances": [
        {
          "schema_version": 0,
          "attributes": {
            "acl": "public-read",
            "bucket": "mytfdemo0311",
            "bucket_key_enabled": false,
            "cache_control": "",
            "checksum_algorithm": null,
            "checksum_crc32": "",
            "checksum_crc32c": "",
            "checksum_sha1": "",
            "checksum_sha256": "",
            "content": null,
            "content_base64": null,
            "content_disposition": "",
            "content_encoding": "",
            "content_language": "",
            "content_type": "text/html",
            "etag": "2765e01c554698a80603c4b278d48327",
            "force_destroy": false,
            "id": "index.html",
            "key": "index.html",
            "kms_key_id": null,
            "metadata": null,
            "object_lock_legal_hold_status": "",
            "object_lock_mode": "",
            "object_lock_retain_until_date": "",
            "override_provider": [],
            "server_side_encryption": "AES256",
            "source": "index.html",
            "source_hash": null,
            "storage_class": "STANDARD",
            "tags": null,
            "tags_all": {},
            "version_id": "",
            "website_redirect": ""
          },
          "sensitive_attributes": [],
          "private": "bnVsbA==",
          "dependencies": [
            "aws_s3_bucket.mybucket"
          ]
        }
      ]
    }
  ],
  "check_results": null
}
